dependencies:
  espressif/esp-dsp:
    component_hash: 3e7bbd487f1357a1d4944d0c85966d049501ea281b8a4c7f93f7cfedd5b7f23d
    source:
      service_url: https://api.components.espressif.com/
      type: service
    version: 1.4.12
  idf:
    component_hash: null
    source:
      type: idf
    version: 5.4.0
manifest_hash: 413705fe60e0efbdef012dd3e2bc5c463c8f2b3944ed8bf346b2c69261a82a6b
target: esp32s3
version: 1.0.0
